
Microsoft Visual Studio Solution File, Format Version 12.00
# Visual Studio Version 17
VisualStudioVersion = 17.11.35303.130
MinimumVisualStudioVersion = 10.0.40219.1
Project("{8BC9CEB8-8B4A-11D0-8D11-00A0C91BC942}") = "LB6.3it", "LB6.3it\LB6.3it.vcxproj", "{C70D3DB9-C794-45AD-A465-94B505EB6F27}"
EndProject
Project("{8BC9CEB8-8B4A-11D0-8D11-00A0C91BC942}") = "UnitTest6.3it", "UnitTest6.3it\UnitTest6.3it.vcxproj", "{45BAFE7E-FC92-44EB-9B8D-F51645D38FA2}"
EndProject
Global
	GlobalSection(SolutionConfigurationPlatforms) = preSolution
		Debug|x64 = Debug|x64
		Debug|x86 = Debug|x86
		Release|x64 = Release|x64
		Release|x86 = Release|x86
	EndGlobalSection
	GlobalSection(ProjectConfigurationPlatforms) = postSolution
		{C70D3DB9-C794-45AD-A465-94B505EB6F27}.Debug|x64.ActiveCfg = Debug|x64
		{C70D3DB9-C794-45AD-A465-94B505EB6F27}.Debug|x64.Build.0 = Debug|x64
		{C70D3DB9-C794-45AD-A465-94B505EB6F27}.Debug|x86.ActiveCfg = Debug|Win32
		{C70D3DB9-C794-45AD-A465-94B505EB6F27}.Debug|x86.Build.0 = Debug|Win32
		{C70D3DB9-C794-45AD-A465-94B505EB6F27}.Release|x64.ActiveCfg = Release|x64
		{C70D3DB9-C794-45AD-A465-94B505EB6F27}.Release|x64.Build.0 = Release|x64
		{C70D3DB9-C794-45AD-A465-94B505EB6F27}.Release|x86.ActiveCfg = Release|Win32
		{C70D3DB9-C794-45AD-A465-94B505EB6F27}.Release|x86.Build.0 = Release|Win32
		{45BAFE7E-FC92-44EB-9B8D-F51645D38FA2}.Debug|x64.ActiveCfg = Debug|x64
		{45BAFE7E-FC92-44EB-9B8D-F51645D38FA2}.Debug|x64.Build.0 = Debug|x64
		{45BAFE7E-FC92-44EB-9B8D-F51645D38FA2}.Debug|x86.ActiveCfg = Debug|Win32
		{45BAFE7E-FC92-44EB-9B8D-F51645D38FA2}.Debug|x86.Build.0 = Debug|Win32
		{45BAFE7E-FC92-44EB-9B8D-F51645D38FA2}.Release|x64.ActiveCfg = Release|x64
		{45BAFE7E-FC92-44EB-9B8D-F51645D38FA2}.Release|x64.Build.0 = Release|x64
		{45BAFE7E-FC92-44EB-9B8D-F51645D38FA2}.Release|x86.ActiveCfg = Release|Win32
		{45BAFE7E-FC92-44EB-9B8D-F51645D38FA2}.Release|x86.Build.0 = Release|Win32
	EndGlobalSection
	GlobalSection(SolutionProperties) = preSolution
		HideSolutionNode = FALSE
	EndGlobalSection
	GlobalSection(ExtensibilityGlobals) = postSolution
		SolutionGuid = {E7FB93D9-ABC6-4AF7-B538-24E284AC3519}
	EndGlobalSection
EndGlobal
